
Microsoft Visual Studio Solution File, Format Version 12.00
# Visual Studio Version 16
VisualStudioVersion = 16.0.32228.343
MinimumVisualStudioVersion = 10.0.40219.1
Project("{FAE04EC0-301F-11D3-BF4B-00C04F79EFBC}") = "Cofee Shop", "Cofee Shop\Cofee Shop.csproj", "{602CF599-5560-4572-AA1B-990C3A3C5910}"
EndProject
Project("{2150E333-8FDC-42A3-9474-1A3956D46DE8}") = "CofeeshopBL", "CofeeshopBL", "{DFE95E48-2E0B-4670-BD7C-B64BAFF9C7F6}"
EndProject
Global
	GlobalSection(SolutionConfigurationPlatforms) = preSolution
		Debug|Any CPU = Debug|Any CPU
		Release|Any CPU = Release|Any CPU
	EndGlobalSection
	GlobalSection(ProjectConfigurationPlatforms) = postSolution
		{602CF599-5560-4572-AA1B-990C3A3C5910}.Debug|Any CPU.ActiveCfg = Debug|Any CPU
		{602CF599-5560-4572-AA1B-990C3A3C5910}.Debug|Any CPU.Build.0 = Debug|Any CPU
		{602CF599-5560-4572-AA1B-990C3A3C5910}.Release|Any CPU.ActiveCfg = Release|Any CPU
		{602CF599-5560-4572-AA1B-990C3A3C5910}.Release|Any CPU.Build.0 = Release|Any CPU
	EndGlobalSection
	GlobalSection(SolutionProperties) = preSolution
		HideSolutionNode = FALSE
	EndGlobalSection
	GlobalSection(ExtensibilityGlobals) = postSolution
		SolutionGuid = {24E9F549-950B-4C3E-8515-86BA8EF0C380}
	EndGlobalSection
EndGlobal
